
Microsoft Visual Studio Solution File, Format Version 12.00
# Visual Studio 15
VisualStudioVersion = 15.0.27130.2026
MinimumVisualStudioVersion = 10.0.40219.1
Project("{FAE04EC0-301F-11D3-BF4B-00C04F79EFBC}") = "ConsoleKernel", "ConsoleKernel\ConsoleKernel.csproj", "{0BF55F34-54B6-4BD8-9B83-189354108D00}"
EndProject
Project("{FAE04EC0-301F-11D3-BF4B-00C04F79EFBC}") = "Kernel", "Class\Kernel.csproj", "{8AA69AC0-3277-4AA9-9CED-9072F5F8CD62}"
EndProject
Project("{FAE04EC0-301F-11D3-BF4B-00C04F79EFBC}") = "Humans", "Humans\Humans.csproj", "{9F8E0775-44F7-4019-BBC6-AD571ABAE35D}"
EndProject
Project("{FAE04EC0-301F-11D3-BF4B-00C04F79EFBC}") = "IHumans", "IHumans\IHumans.csproj", "{10E95F92-F466-4C18-92AE-9254F10EFE29}"
EndProject
Global
	GlobalSection(SolutionConfigurationPlatforms) = preSolution
		Debug|Any CPU = Debug|Any CPU
		Release|Any CPU = Release|Any CPU
	EndGlobalSection
	GlobalSection(ProjectConfigurationPlatforms) = postSolution
		{0BF55F34-54B6-4BD8-9B83-189354108D00}.Debug|Any CPU.ActiveCfg = Debug|Any CPU
		{0BF55F34-54B6-4BD8-9B83-189354108D00}.Debug|Any CPU.Build.0 = Debug|Any CPU
		{0BF55F34-54B6-4BD8-9B83-189354108D00}.Release|Any CPU.ActiveCfg = Release|Any CPU
		{0BF55F34-54B6-4BD8-9B83-189354108D00}.Release|Any CPU.Build.0 = Release|Any CPU
		{8AA69AC0-3277-4AA9-9CED-9072F5F8CD62}.Debug|Any CPU.ActiveCfg = Debug|Any CPU
		{8AA69AC0-3277-4AA9-9CED-9072F5F8CD62}.Debug|Any CPU.Build.0 = Debug|Any CPU
		{8AA69AC0-3277-4AA9-9CED-9072F5F8CD62}.Release|Any CPU.ActiveCfg = Release|Any CPU
		{8AA69AC0-3277-4AA9-9CED-9072F5F8CD62}.Release|Any CPU.Build.0 = Release|Any CPU
		{9F8E0775-44F7-4019-BBC6-AD571ABAE35D}.Debug|Any CPU.ActiveCfg = Debug|Any CPU
		{9F8E0775-44F7-4019-BBC6-AD571ABAE35D}.Debug|Any CPU.Build.0 = Debug|Any CPU
		{9F8E0775-44F7-4019-BBC6-AD571ABAE35D}.Release|Any CPU.ActiveCfg = Release|Any CPU
		{9F8E0775-44F7-4019-BBC6-AD571ABAE35D}.Release|Any CPU.Build.0 = Release|Any CPU
		{10E95F92-F466-4C18-92AE-9254F10EFE29}.Debug|Any CPU.ActiveCfg = Debug|Any CPU
		{10E95F92-F466-4C18-92AE-9254F10EFE29}.Debug|Any CPU.Build.0 = Debug|Any CPU
		{10E95F92-F466-4C18-92AE-9254F10EFE29}.Release|Any CPU.ActiveCfg = Release|Any CPU
		{10E95F92-F466-4C18-92AE-9254F10EFE29}.Release|Any CPU.Build.0 = Release|Any CPU
	EndGlobalSection
	GlobalSection(SolutionProperties) = preSolution
		HideSolutionNode = FALSE
	EndGlobalSection
	GlobalSection(ExtensibilityGlobals) = postSolution
		SolutionGuid = {9C950121-8227-4CC4-9DC3-97F50922DD60}
	EndGlobalSection
EndGlobal
