
Microsoft Visual Studio Solution File, Format Version 12.00
# Visual Studio 15
VisualStudioVersion = 15.0.27130.2026
MinimumVisualStudioVersion = 10.0.40219.1
Project("{FAE04EC0-301F-11D3-BF4B-00C04F79EFBC}") = "Lecture_2_4", "Lecture_2_4\Lecture_2_4.csproj", "{E5FEF505-7B9B-4B71-9764-8CC03250F658}"
EndProject
Project("{FAE04EC0-301F-11D3-BF4B-00C04F79EFBC}") = "Lecture_2_4_1", "Lecture_2_4_1\Lecture_2_4_1.csproj", "{0856C16A-57A9-49CA-9E34-DB2B7EA7AA07}"
EndProject
Project("{FAE04EC0-301F-11D3-BF4B-00C04F79EFBC}") = "Lecture_2_4_2", "Lecture_2_4_2\Lecture_2_4_2.csproj", "{552DEE77-665B-473F-BC74-D72723CA5187}"
EndProject
Global
	GlobalSection(SolutionConfigurationPlatforms) = preSolution
		Debug|Any CPU = Debug|Any CPU
		Release|Any CPU = Release|Any CPU
	EndGlobalSection
	GlobalSection(ProjectConfigurationPlatforms) = postSolution
		{E5FEF505-7B9B-4B71-9764-8CC03250F658}.Debug|Any CPU.ActiveCfg = Debug|Any CPU
		{E5FEF505-7B9B-4B71-9764-8CC03250F658}.Debug|Any CPU.Build.0 = Debug|Any CPU
		{E5FEF505-7B9B-4B71-9764-8CC03250F658}.Release|Any CPU.ActiveCfg = Release|Any CPU
		{E5FEF505-7B9B-4B71-9764-8CC03250F658}.Release|Any CPU.Build.0 = Release|Any CPU
		{0856C16A-57A9-49CA-9E34-DB2B7EA7AA07}.Debug|Any CPU.ActiveCfg = Debug|Any CPU
		{0856C16A-57A9-49CA-9E34-DB2B7EA7AA07}.Debug|Any CPU.Build.0 = Debug|Any CPU
		{0856C16A-57A9-49CA-9E34-DB2B7EA7AA07}.Release|Any CPU.ActiveCfg = Release|Any CPU
		{0856C16A-57A9-49CA-9E34-DB2B7EA7AA07}.Release|Any CPU.Build.0 = Release|Any CPU
		{552DEE77-665B-473F-BC74-D72723CA5187}.Debug|Any CPU.ActiveCfg = Debug|Any CPU
		{552DEE77-665B-473F-BC74-D72723CA5187}.Debug|Any CPU.Build.0 = Debug|Any CPU
		{552DEE77-665B-473F-BC74-D72723CA5187}.Release|Any CPU.ActiveCfg = Release|Any CPU
		{552DEE77-665B-473F-BC74-D72723CA5187}.Release|Any CPU.Build.0 = Release|Any CPU
	EndGlobalSection
	GlobalSection(SolutionProperties) = preSolution
		HideSolutionNode = FALSE
	EndGlobalSection
	GlobalSection(ExtensibilityGlobals) = postSolution
		SolutionGuid = {CBC32C7B-A3DA-4597-9815-6B7560EDDB32}
	EndGlobalSection
EndGlobal
