
Microsoft Visual Studio Solution File, Format Version 12.00
# Visual Studio 15
VisualStudioVersion = 15.0.27130.2026
MinimumVisualStudioVersion = 10.0.40219.1
Project("{FAE04EC0-301F-11D3-BF4B-00C04F79EFBC}") = "Lecture_2_1", "Lecture_2_1\Lecture_2_1.csproj", "{7BA169E7-BEAF-40D9-BFA0-9E3BBCC6A635}"
EndProject
Global
	GlobalSection(SolutionConfigurationPlatforms) = preSolution
		Debug|Any CPU = Debug|Any CPU
		Release|Any CPU = Release|Any CPU
	EndGlobalSection
	GlobalSection(ProjectConfigurationPlatforms) = postSolution
		{7BA169E7-BEAF-40D9-BFA0-9E3BBCC6A635}.Debug|Any CPU.ActiveCfg = Debug|Any CPU
		{7BA169E7-BEAF-40D9-BFA0-9E3BBCC6A635}.Debug|Any CPU.Build.0 = Debug|Any CPU
		{7BA169E7-BEAF-40D9-BFA0-9E3BBCC6A635}.Release|Any CPU.ActiveCfg = Release|Any CPU
		{7BA169E7-BEAF-40D9-BFA0-9E3BBCC6A635}.Release|Any CPU.Build.0 = Release|Any CPU
	EndGlobalSection
	GlobalSection(SolutionProperties) = preSolution
		HideSolutionNode = FALSE
	EndGlobalSection
	GlobalSection(ExtensibilityGlobals) = postSolution
		SolutionGuid = {7E04608F-C150-4011-975F-9A63FF76C44F}
	EndGlobalSection
EndGlobal
